{
  "name": "node-red-contrib-semaphore",
  "version": "2.0.0",
  "lockfileVersion": 2,
  "requires": true,
  "packages": {
    "": {
      "name": "node-red-contrib-semaphore",
      "version": "2.0.0",
      "license": "Apache",
      "dependencies": {
        "semaphore": "1.x"
      },
      "devDependencies": {
        "@rollup/plugin-typescript": "^8.3.0",
        "@types/node": "^16.11.12",
        "@types/node-red": "^1.2.0",
        "@types/node-red-node-test-helper": "^0.2.2",
        "@types/semaphore": "^1.1.1"
      }
    },
    "node_modules/@rollup/plugin-typescript": {
      "version": "8.5.0",
      "resolved": "https://registry.npmjs.org/@rollup/plugin-typescript/-/plugin-typescript-8.5.0.tgz",
      "integrity": "sha512-wMv1/scv0m/rXx21wD2IsBbJFba8wGF3ErJIr6IKRfRj49S85Lszbxb4DCo8iILpluTjk2GAAu9CoZt4G3ppgQ==",
      "dev": true,
      "dependencies": {
        "@rollup/pluginutils": "^3.1.0",
        "resolve": "^1.17.0"
      },
      "engines": {
        "node": ">=8.0.0"
      },
      "peerDependencies": {
        "rollup": "^2.14.0",
        "tslib": "*",
        "typescript": ">=3.7.0"
      },
      "peerDependenciesMeta": {
        "tslib": {
          "optional": true
        }
      }
    },
    "node_modules/@rollup/pluginutils": {
      "version": "3.1.0",
      "resolved": "https://registry.npmjs.org/@rollup/pluginutils/-/pluginutils-3.1.0.tgz",
      "integrity": "sha512-GksZ6pr6TpIjHm8h9lSQ8pi8BE9VeubNT0OMJ3B5uZJ8pz73NPiqOtCog/x2/QzM1ENChPKxMDhiQuRHsqc+lg==",
      "dev": true,
      "dependencies": {
        "@types/estree": "0.0.39",
        "estree-walker": "^1.0.1",
        "picomatch": "^2.2.2"
      },
      "engines": {
        "node": ">= 8.0.0"
      },
      "peerDependencies": {
        "rollup": "^1.20.0||^2.0.0"
      }
    },
    "node_modules/@types/ace": {
      "version": "0.0.48",
      "resolved": "https://registry.npmjs.org/@types/ace/-/ace-0.0.48.tgz",
      "integrity": "sha512-esV6hOWiDOZ6d7w5S11iLu6LQsPGe/9RPzhri7gNNLdrK1LFpO9/m7IZhQL6dat0JHICJ7l51zvHAiCgnPLLHA==",
      "dev": true
    },
    "node_modules/@types/body-parser": {
      "version": "1.19.2",
      "resolved": "https://registry.npmjs.org/@types/body-parser/-/body-parser-1.19.2.tgz",
      "integrity": "sha512-ALYone6pm6QmwZoAgeyNksccT9Q4AWZQ6PvfwR37GT6r6FWUPguq6sUmNGSMV2Wr761oQoBxwGGa6DR5o1DC9g==",
      "dev": true,
      "dependencies": {
        "@types/connect": "*",
        "@types/node": "*"
      }
    },
    "node_modules/@types/connect": {
      "version": "3.4.35",
      "resolved": "https://registry.npmjs.org/@types/connect/-/connect-3.4.35.tgz",
      "integrity": "sha512-cdeYyv4KWoEgpBISTxWvqYsVy444DOqehiF3fM3ne10AmJ62RSyNkUnxMJXHQWRQQX2eR94m5y1IZyDwBjV9FQ==",
      "dev": true,
      "dependencies": {
        "@types/node": "*"
      }
    },
    "node_modules/@types/cookiejar": {
      "version": "2.1.2",
      "resolved": "https://registry.npmjs.org/@types/cookiejar/-/cookiejar-2.1.2.tgz",
      "integrity": "sha512-t73xJJrvdTjXrn4jLS9VSGRbz0nUY3cl2DMGDU48lKl+HR9dbbjW2A9r3g40VA++mQpy6uuHg33gy7du2BKpog==",
      "dev": true
    },
    "node_modules/@types/cors": {
      "version": "2.8.12",
      "resolved": "https://registry.npmjs.org/@types/cors/-/cors-2.8.12.tgz",
      "integrity": "sha512-vt+kDhq/M2ayberEtJcIN/hxXy1Pk+59g2FV/ZQceeaTyCtCucjL2Q7FXlFjtWn4n15KCr1NE2lNNFhp0lEThw==",
      "dev": true
    },
    "node_modules/@types/estree": {
      "version": "0.0.39",
      "resolved": "https://registry.npmjs.org/@types/estree/-/estree-0.0.39.tgz",
      "integrity": "sha512-EYNwp3bU+98cpU4lAWYYL7Zz+2gryWH1qbdDTidVd6hkiR6weksdbMadyXKXNPEkQFhXM+hVO9ZygomHXp+AIw==",
      "dev": true
    },
    "node_modules/@types/express": {
      "version": "4.17.14",
      "resolved": "https://registry.npmjs.org/@types/express/-/express-4.17.14.tgz",
      "integrity": "sha512-TEbt+vaPFQ+xpxFLFssxUDXj5cWCxZJjIcB7Yg0k0GMHGtgtQgpvx/MUQUeAkNbA9AAGrwkAsoeItdTgS7FMyg==",
      "dev": true,
      "dependencies": {
        "@types/body-parser": "*",
        "@types/express-serve-static-core": "^4.17.18",
        "@types/qs": "*",
        "@types/serve-static": "*"
      }
    },
    "node_modules/@types/express-serve-static-core": {
      "version": "4.17.31",
      "resolved": "https://registry.npmjs.org/@types/express-serve-static-core/-/express-serve-static-core-4.17.31.tgz",
      "integrity": "sha512-DxMhY+NAsTwMMFHBTtJFNp5qiHKJ7TeqOo23zVEM9alT1Ml27Q3xcTH0xwxn7Q0BbMcVEJOs/7aQtUWupUQN3Q==",
      "dev": true,
      "dependencies": {
        "@types/node": "*",
        "@types/qs": "*",
        "@types/range-parser": "*"
      }
    },
    "node_modules/@types/jquery": {
      "version": "3.5.14",
      "resolved": "https://registry.npmjs.org/@types/jquery/-/jquery-3.5.14.tgz",
      "integrity": "sha512-X1gtMRMbziVQkErhTQmSe2jFwwENA/Zr+PprCkF63vFq+Yt5PZ4AlKqgmeNlwgn7dhsXEK888eIW2520EpC+xg==",
      "dev": true,
      "dependencies": {
        "@types/sizzle": "*"
      }
    },
    "node_modules/@types/mime": {
      "version": "3.0.1",
      "resolved": "https://registry.npmjs.org/@types/mime/-/mime-3.0.1.tgz",
      "integrity": "sha512-Y4XFY5VJAuw0FgAqPNd6NNoV44jbq9Bz2L7Rh/J6jLTiHBSBJa9fxqQIvkIld4GsoDOcCbvzOUAbLPsSKKg+uA==",
      "dev": true
    },
    "node_modules/@types/node": {
      "version": "16.11.64",
      "resolved": "https://registry.npmjs.org/@types/node/-/node-16.11.64.tgz",
      "integrity": "sha512-z5hPTlVFzNwtJ2LNozTpJcD1Cu44c4LNuzaq1mwxmiHWQh2ULdR6Vjwo1UGldzRpzL0yUEdZddnfqGW2G70z6Q==",
      "dev": true
    },
    "node_modules/@types/node-red": {
      "version": "1.2.1",
      "resolved": "https://registry.npmjs.org/@types/node-red/-/node-red-1.2.1.tgz",
      "integrity": "sha512-v9azjmzDqgBHbc3DRn3/4J8TkyeeiRbfzELNb9yQHqEAMhTDFkjAyEnc4ZtM05QYD/9PhO5K8/afezqkRMadpA==",
      "dev": true,
      "dependencies": {
        "@types/express": "*",
        "@types/node-red__editor-api": "*",
        "@types/node-red__editor-client": "*",
        "@types/node-red__registry": "*",
        "@types/node-red__runtime": "*",
        "@types/node-red__util": "*"
      }
    },
    "node_modules/@types/node-red__editor-api": {
      "version": "1.1.1",
      "resolved": "https://registry.npmjs.org/@types/node-red__editor-api/-/node-red__editor-api-1.1.1.tgz",
      "integrity": "sha512-O7MNsGwNWDY89sPxVjo2zXGfm8bw4owXrD4akp2NmM1cmrj6XvRKEu99Apw/RjZvteBFpxvLSVtOnYYPj4C7wg==",
      "dev": true,
      "dependencies": {
        "@types/express": "*",
        "@types/node-red__runtime": "*"
      }
    },
    "node_modules/@types/node-red__editor-client": {
      "version": "1.1.6",
      "resolved": "https://registry.npmjs.org/@types/node-red__editor-client/-/node-red__editor-client-1.1.6.tgz",
      "integrity": "sha512-XBUumG27Cikfd8yQ94BMZfoOTIPrHM+lMOueIUxwsn7b2r6c1cLxO6eyOpCYLh3LhsTg5IkVB/uUpiopxXE1Uw==",
      "dev": true,
      "dependencies": {
        "@types/ace": "*",
        "@types/jquery": "*",
        "@types/node-red__runtime": "*",
        "@types/node-red__util": "*"
      }
    },
    "node_modules/@types/node-red__registry": {
      "version": "1.2.1",
      "resolved": "https://registry.npmjs.org/@types/node-red__registry/-/node-red__registry-1.2.1.tgz",
      "integrity": "sha512-eSOUrKxuxLne1NyCGbPuaJxpstWs0Ds0n1xeSXVlfZAOc3zfwsg10FODsY3L08NHUrV5NlyN+gvwQ7RlHv4kOw==",
      "dev": true,
      "dependencies": {
        "@types/express": "*",
        "@types/node-red__runtime": "*",
        "@types/node-red__util": "*"
      }
    },
    "node_modules/@types/node-red__runtime": {
      "version": "1.2.0",
      "resolved": "https://registry.npmjs.org/@types/node-red__runtime/-/node-red__runtime-1.2.0.tgz",
      "integrity": "sha512-1jSmhrzsBiW6OaNpyAdXitq0H3Zt2LYFNBhsLQE0LHSp77F26/bni1mFNGnIuo684CT+CX71kP6ZjuMJyeM/bA==",
      "dev": true,
      "dependencies": {
        "@types/cors": "*",
        "@types/express": "*",
        "@types/node-red__editor-api": "*",
        "@types/node-red__util": "*",
        "@types/passport": "*"
      }
    },
    "node_modules/@types/node-red__util": {
      "version": "1.2.0",
      "resolved": "https://registry.npmjs.org/@types/node-red__util/-/node-red__util-1.2.0.tgz",
      "integrity": "sha512-jxxznqRl2UhmMimkv7+vvxcsi0fXS1EnTmiuQ2FwplTNvl2Ui+g4K2vbG/Jn/rsLujpM6oyPPjwzKPG1diPqUQ==",
      "dev": true,
      "dependencies": {
        "@types/node-red__registry": "*",
        "@types/node-red__runtime": "*",
        "jsonata": "1.8.3"
      }
    },
    "node_modules/@types/node-red-node-test-helper": {
      "version": "0.2.2",
      "resolved": "https://registry.npmjs.org/@types/node-red-node-test-helper/-/node-red-node-test-helper-0.2.2.tgz",
      "integrity": "sha512-Gw4JxQ8NNhsFpdXQs57NR7v0jP8mNyvbpomjyERGpwsuaLevK4tJQcK9hsp0xvJdcyhyv3+Kh5j3ag7ArToLCA==",
      "dev": true,
      "dependencies": {
        "@types/node-red": "*",
        "@types/node-red__runtime": "*",
        "@types/sinon": "*",
        "@types/supertest": "*"
      }
    },
    "node_modules/@types/passport": {
      "version": "1.0.11",
      "resolved": "https://registry.npmjs.org/@types/passport/-/passport-1.0.11.tgz",
      "integrity": "sha512-pz1cx9ptZvozyGKKKIPLcVDVHwae4hrH5d6g5J+DkMRRjR3cVETb4jMabhXAUbg3Ov7T22nFHEgaK2jj+5CBpw==",
      "dev": true,
      "dependencies": {
        "@types/express": "*"
      }
    },
    "node_modules/@types/qs": {
      "version": "6.9.7",
      "resolved": "https://registry.npmjs.org/@types/qs/-/qs-6.9.7.tgz",
      "integrity": "sha512-FGa1F62FT09qcrueBA6qYTrJPVDzah9a+493+o2PCXsesWHIn27G98TsSMs3WPNbZIEj4+VJf6saSFpvD+3Zsw==",
      "dev": true
    },
    "node_modules/@types/range-parser": {
      "version": "1.2.4",
      "resolved": "https://registry.npmjs.org/@types/range-parser/-/range-parser-1.2.4.tgz",
      "integrity": "sha512-EEhsLsD6UsDM1yFhAvy0Cjr6VwmpMWqFBCb9w07wVugF7w9nfajxLuVmngTIpgS6svCnm6Vaw+MZhoDCKnOfsw==",
      "dev": true
    },
    "node_modules/@types/semaphore": {
      "version": "1.1.1",
      "resolved": "https://registry.npmjs.org/@types/semaphore/-/semaphore-1.1.1.tgz",
      "integrity": "sha512-jmFpMslMtBGOXY2s7x6O8vBebcj6zhkwl0Pd/viZApo1uZaPk733P8doPvaiBbCG+R7201OLOl4QP7l1mFyuyw==",
      "dev": true
    },
    "node_modules/@types/serve-static": {
      "version": "1.15.0",
      "resolved": "https://registry.npmjs.org/@types/serve-static/-/serve-static-1.15.0.tgz",
      "integrity": "sha512-z5xyF6uh8CbjAu9760KDKsH2FcDxZ2tFCsA4HIMWE6IkiYMXfVoa+4f9KX+FN0ZLsaMw1WNG2ETLA6N+/YA+cg==",
      "dev": true,
      "dependencies": {
        "@types/mime": "*",
        "@types/node": "*"
      }
    },
    "node_modules/@types/sinon": {
      "version": "10.0.13",
      "resolved": "https://registry.npmjs.org/@types/sinon/-/sinon-10.0.13.tgz",
      "integrity": "sha512-UVjDqJblVNQYvVNUsj0PuYYw0ELRmgt1Nt5Vk0pT5f16ROGfcKJY8o1HVuMOJOpD727RrGB9EGvoaTQE5tgxZQ==",
      "dev": true,
      "dependencies": {
        "@types/sinonjs__fake-timers": "*"
      }
    },
    "node_modules/@types/sinonjs__fake-timers": {
      "version": "8.1.2",
      "resolved": "https://registry.npmjs.org/@types/sinonjs__fake-timers/-/sinonjs__fake-timers-8.1.2.tgz",
      "integrity": "sha512-9GcLXF0/v3t80caGs5p2rRfkB+a8VBGLJZVih6CNFkx8IZ994wiKKLSRs9nuFwk1HevWs/1mnUmkApGrSGsShA==",
      "dev": true
    },
    "node_modules/@types/sizzle": {
      "version": "2.3.3",
      "resolved": "https://registry.npmjs.org/@types/sizzle/-/sizzle-2.3.3.tgz",
      "integrity": "sha512-JYM8x9EGF163bEyhdJBpR2QX1R5naCJHC8ucJylJ3w9/CVBaskdQ8WqBf8MmQrd1kRvp/a4TS8HJ+bxzR7ZJYQ==",
      "dev": true
    },
    "node_modules/@types/superagent": {
      "version": "4.1.15",
      "resolved": "https://registry.npmjs.org/@types/superagent/-/superagent-4.1.15.tgz",
      "integrity": "sha512-mu/N4uvfDN2zVQQ5AYJI/g4qxn2bHB6521t1UuH09ShNWjebTqN0ZFuYK9uYjcgmI0dTQEs+Owi1EO6U0OkOZQ==",
      "dev": true,
      "dependencies": {
        "@types/cookiejar": "*",
        "@types/node": "*"
      }
    },
    "node_modules/@types/supertest": {
      "version": "2.0.12",
      "resolved": "https://registry.npmjs.org/@types/supertest/-/supertest-2.0.12.tgz",
      "integrity": "sha512-X3HPWTwXRerBZS7Mo1k6vMVR1Z6zmJcDVn5O/31whe0tnjE4te6ZJSJGq1RiqHPjzPdMTfjCFogDJmwng9xHaQ==",
      "dev": true,
      "dependencies": {
        "@types/superagent": "*"
      }
    },
    "node_modules/estree-walker": {
      "version": "1.0.1",
      "resolved": "https://registry.npmjs.org/estree-walker/-/estree-walker-1.0.1.tgz",
      "integrity": "sha512-1fMXF3YP4pZZVozF8j/ZLfvnR8NSIljt56UhbZ5PeeDmmGHpgpdwQt7ITlGvYaQukCvuBRMLEiKiYC+oeIg4cg==",
      "dev": true
    },
    "node_modules/fsevents": {
      "version": "2.3.2",
      "resolved": "https://registry.npmjs.org/fsevents/-/fsevents-2.3.2.tgz",
      "integrity": "sha512-xiqMQR4xAeHTuB9uWm+fFRcIOgKBMiOBP+eXiyT7jsgVCq1bkVygt00oASowB7EdtpOHaaPgKt812P9ab+DDKA==",
      "dev": true,
      "hasInstallScript": true,
      "optional": true,
      "os": [
        "darwin"
      ],
      "peer": true,
      "engines": {
        "node": "^8.16.0 || ^10.6.0 || >=11.0.0"
      }
    },
    "node_modules/function-bind": {
      "version": "1.1.1",
      "resolved": "https://registry.npmjs.org/function-bind/-/function-bind-1.1.1.tgz",
      "integrity": "sha512-yIovAzMX49sF8Yl58fSCWJ5svSLuaibPxXQJFLmBObTuCr0Mf1KiPopGM9NiFjiYBCbfaa2Fh6breQ6ANVTI0A==",
      "dev": true
    },
    "node_modules/has": {
      "version": "1.0.3",
      "resolved": "https://registry.npmjs.org/has/-/has-1.0.3.tgz",
      "integrity": "sha512-f2dvO0VU6Oej7RkWJGrehjbzMAjFp5/VKPp5tTpWIV4JHHZK1/BxbFRtf/siA2SWTe09caDmVtYYzWEIbBS4zw==",
      "dev": true,
      "dependencies": {
        "function-bind": "^1.1.1"
      },
      "engines": {
        "node": ">= 0.4.0"
      }
    },
    "node_modules/is-core-module": {
      "version": "2.10.0",
      "resolved": "https://registry.npmjs.org/is-core-module/-/is-core-module-2.10.0.tgz",
      "integrity": "sha512-Erxj2n/LDAZ7H8WNJXd9tw38GYM3dv8rk8Zcs+jJuxYTW7sozH+SS8NtrSjVL1/vpLvWi1hxy96IzjJ3EHTJJg==",
      "dev": true,
      "dependencies": {
        "has": "^1.0.3"
      },
      "funding": {
        "url": "https://github.com/sponsors/ljharb"
      }
    },
    "node_modules/jsonata": {
      "version": "1.8.3",
      "resolved": "https://registry.npmjs.org/jsonata/-/jsonata-1.8.3.tgz",
      "integrity": "sha512-r6ztI6ohbpRo77AxBm6vMs3aHZi2L2PaakW7TCPwSkeGcuAZ/SxXGLWH2Npwqq5+YBM/fg/g0EXg/pI9HvXQ8Q==",
      "dev": true,
      "engines": {
        "node": ">= 8"
      }
    },
    "node_modules/path-parse": {
      "version": "1.0.7",
      "resolved": "https://registry.npmjs.org/path-parse/-/path-parse-1.0.7.tgz",
      "integrity": "sha512-LDJzPVEEEPR+y48z93A0Ed0yXb8pAByGWo/k5YYdYgpY2/2EsOsksJrq7lOHxryrVOn1ejG6oAp8ahvOIQD8sw==",
      "dev": true
    },
    "node_modules/picomatch": {
      "version": "2.3.1",
      "resolved": "https://registry.npmjs.org/picomatch/-/picomatch-2.3.1.tgz",
      "integrity": "sha512-JU3teHTNjmE2VCGFzuY8EXzCDVwEqB2a8fsIvwaStHhAWJEeVd1o1QD80CU6+ZdEXXSLbSsuLwJjkCBWqRQUVA==",
      "dev": true,
      "engines": {
        "node": ">=8.6"
      },
      "funding": {
        "url": "https://github.com/sponsors/jonschlinkert"
      }
    },
    "node_modules/resolve": {
      "version": "1.22.1",
      "resolved": "https://registry.npmjs.org/resolve/-/resolve-1.22.1.tgz",
      "integrity": "sha512-nBpuuYuY5jFsli/JIs1oldw6fOQCBioohqWZg/2hiaOybXOft4lonv85uDOKXdf8rhyK159cxU5cDcK/NKk8zw==",
      "dev": true,
      "dependencies": {
        "is-core-module": "^2.9.0",
        "path-parse": "^1.0.7",
        "supports-preserve-symlinks-flag": "^1.0.0"
      },
      "bin": {
        "resolve": "bin/resolve"
      },
      "funding": {
        "url": "https://github.com/sponsors/ljharb"
      }
    },
    "node_modules/rollup": {
      "version": "2.79.1",
      "resolved": "https://registry.npmjs.org/rollup/-/rollup-2.79.1.tgz",
      "integrity": "sha512-uKxbd0IhMZOhjAiD5oAFp7BqvkA4Dv47qpOCtaNvng4HBwdbWtdOh8f5nZNuk2rp51PMGk3bzfWu5oayNEuYnw==",
      "dev": true,
      "peer": true,
      "bin": {
        "rollup": "dist/bin/rollup"
      },
      "engines": {
        "node": ">=10.0.0"
      },
      "optionalDependencies": {
        "fsevents": "~2.3.2"
      }
    },
    "node_modules/semaphore": {
      "version": "1.1.0",
      "resolved": "https://registry.npmjs.org/semaphore/-/semaphore-1.1.0.tgz",
      "integrity": "sha512-O4OZEaNtkMd/K0i6js9SL+gqy0ZCBMgUvlSqHKi4IBdjhe7wB8pwztUk1BbZ1fmrvpwFrPbHzqd2w5pTcJH6LA==",
      "engines": {
        "node": ">=0.8.0"
      }
    },
    "node_modules/supports-preserve-symlinks-flag": {
      "version": "1.0.0",
      "resolved": "https://registry.npmjs.org/supports-preserve-symlinks-flag/-/supports-preserve-symlinks-flag-1.0.0.tgz",
      "integrity": "sha512-ot0WnXS9fgdkgIcePe6RHNk1WA8+muPa6cSjeR3V8K27q9BB1rTE3R1p7Hv0z1ZyAc8s6Vvv8DIyWf681MAt0w==",
      "dev": true,
      "engines": {
        "node": ">= 0.4"
      },
      "funding": {
        "url": "https://github.com/sponsors/ljharb"
      }
    },
    "node_modules/typescript": {
      "version": "4.8.4",
      "resolved": "https://registry.npmjs.org/typescript/-/typescript-4.8.4.tgz",
      "integrity": "sha512-QCh+85mCy+h0IGff8r5XWzOVSbBO+KfeYrMQh7NJ58QujwcE22u+NUSmUxqF+un70P9GXKxa2HCNiTTMJknyjQ==",
      "dev": true,
      "peer": true,
      "bin": {
        "tsc": "bin/tsc",
        "tsserver": "bin/tsserver"
      },
      "engines": {
        "node": ">=4.2.0"
      }
    }
  },
  "dependencies": {
    "@rollup/plugin-typescript": {
      "version": "8.5.0",
      "resolved": "https://registry.npmjs.org/@rollup/plugin-typescript/-/plugin-typescript-8.5.0.tgz",
      "integrity": "sha512-wMv1/scv0m/rXx21wD2IsBbJFba8wGF3ErJIr6IKRfRj49S85Lszbxb4DCo8iILpluTjk2GAAu9CoZt4G3ppgQ==",
      "dev": true,
      "requires": {
        "@rollup/pluginutils": "^3.1.0",
        "resolve": "^1.17.0"
      }
    },
    "@rollup/pluginutils": {
      "version": "3.1.0",
      "resolved": "https://registry.npmjs.org/@rollup/pluginutils/-/pluginutils-3.1.0.tgz",
      "integrity": "sha512-GksZ6pr6TpIjHm8h9lSQ8pi8BE9VeubNT0OMJ3B5uZJ8pz73NPiqOtCog/x2/QzM1ENChPKxMDhiQuRHsqc+lg==",
      "dev": true,
      "requires": {
        "@types/estree": "0.0.39",
        "estree-walker": "^1.0.1",
        "picomatch": "^2.2.2"
      }
    },
    "@types/ace": {
      "version": "0.0.48",
      "resolved": "https://registry.npmjs.org/@types/ace/-/ace-0.0.48.tgz",
      "integrity": "sha512-esV6hOWiDOZ6d7w5S11iLu6LQsPGe/9RPzhri7gNNLdrK1LFpO9/m7IZhQL6dat0JHICJ7l51zvHAiCgnPLLHA==",
      "dev": true
    },
    "@types/body-parser": {
      "version": "1.19.2",
      "resolved": "https://registry.npmjs.org/@types/body-parser/-/body-parser-1.19.2.tgz",
      "integrity": "sha512-ALYone6pm6QmwZoAgeyNksccT9Q4AWZQ6PvfwR37GT6r6FWUPguq6sUmNGSMV2Wr761oQoBxwGGa6DR5o1DC9g==",
      "dev": true,
      "requires": {
        "@types/connect": "*",
        "@types/node": "*"
      }
    },
    "@types/connect": {
      "version": "3.4.35",
      "resolved": "https://registry.npmjs.org/@types/connect/-/connect-3.4.35.tgz",
      "integrity": "sha512-cdeYyv4KWoEgpBISTxWvqYsVy444DOqehiF3fM3ne10AmJ62RSyNkUnxMJXHQWRQQX2eR94m5y1IZyDwBjV9FQ==",
      "dev": true,
      "requires": {
        "@types/node": "*"
      }
    },
    "@types/cookiejar": {
      "version": "2.1.2",
      "resolved": "https://registry.npmjs.org/@types/cookiejar/-/cookiejar-2.1.2.tgz",
      "integrity": "sha512-t73xJJrvdTjXrn4jLS9VSGRbz0nUY3cl2DMGDU48lKl+HR9dbbjW2A9r3g40VA++mQpy6uuHg33gy7du2BKpog==",
      "dev": true
    },
    "@types/cors": {
      "version": "2.8.12",
      "resolved": "https://registry.npmjs.org/@types/cors/-/cors-2.8.12.tgz",
      "integrity": "sha512-vt+kDhq/M2ayberEtJcIN/hxXy1Pk+59g2FV/ZQceeaTyCtCucjL2Q7FXlFjtWn4n15KCr1NE2lNNFhp0lEThw==",
      "dev": true
    },
    "@types/estree": {
      "version": "0.0.39",
      "resolved": "https://registry.npmjs.org/@types/estree/-/estree-0.0.39.tgz",
      "integrity": "sha512-EYNwp3bU+98cpU4lAWYYL7Zz+2gryWH1qbdDTidVd6hkiR6weksdbMadyXKXNPEkQFhXM+hVO9ZygomHXp+AIw==",
      "dev": true
    },
    "@types/express": {
      "version": "4.17.14",
      "resolved": "https://registry.npmjs.org/@types/express/-/express-4.17.14.tgz",
      "integrity": "sha512-TEbt+vaPFQ+xpxFLFssxUDXj5cWCxZJjIcB7Yg0k0GMHGtgtQgpvx/MUQUeAkNbA9AAGrwkAsoeItdTgS7FMyg==",
      "dev": true,
      "requires": {
        "@types/body-parser": "*",
        "@types/express-serve-static-core": "^4.17.18",
        "@types/qs": "*",
        "@types/serve-static": "*"
      }
    },
    "@types/express-serve-static-core": {
      "version": "4.17.31",
      "resolved": "https://registry.npmjs.org/@types/express-serve-static-core/-/express-serve-static-core-4.17.31.tgz",
      "integrity": "sha512-DxMhY+NAsTwMMFHBTtJFNp5qiHKJ7TeqOo23zVEM9alT1Ml27Q3xcTH0xwxn7Q0BbMcVEJOs/7aQtUWupUQN3Q==",
      "dev": true,
      "requires": {
        "@types/node": "*",
        "@types/qs": "*",
        "@types/range-parser": "*"
      }
    },
    "@types/jquery": {
      "version": "3.5.14",
      "resolved": "https://registry.npmjs.org/@types/jquery/-/jquery-3.5.14.tgz",
      "integrity": "sha512-X1gtMRMbziVQkErhTQmSe2jFwwENA/Zr+PprCkF63vFq+Yt5PZ4AlKqgmeNlwgn7dhsXEK888eIW2520EpC+xg==",
      "dev": true,
      "requires": {
        "@types/sizzle": "*"
      }
    },
    "@types/mime": {
      "version": "3.0.1",
      "resolved": "https://registry.npmjs.org/@types/mime/-/mime-3.0.1.tgz",
      "integrity": "sha512-Y4XFY5VJAuw0FgAqPNd6NNoV44jbq9Bz2L7Rh/J6jLTiHBSBJa9fxqQIvkIld4GsoDOcCbvzOUAbLPsSKKg+uA==",
      "dev": true
    },
    "@types/node": {
      "version": "16.11.64",
      "resolved": "https://registry.npmjs.org/@types/node/-/node-16.11.64.tgz",
      "integrity": "sha512-z5hPTlVFzNwtJ2LNozTpJcD1Cu44c4LNuzaq1mwxmiHWQh2ULdR6Vjwo1UGldzRpzL0yUEdZddnfqGW2G70z6Q==",
      "dev": true
    },
    "@types/node-red": {
      "version": "1.2.1",
      "resolved": "https://registry.npmjs.org/@types/node-red/-/node-red-1.2.1.tgz",
      "integrity": "sha512-v9azjmzDqgBHbc3DRn3/4J8TkyeeiRbfzELNb9yQHqEAMhTDFkjAyEnc4ZtM05QYD/9PhO5K8/afezqkRMadpA==",
      "dev": true,
      "requires": {
        "@types/express": "*",
        "@types/node-red__editor-api": "*",
        "@types/node-red__editor-client": "*",
        "@types/node-red__registry": "*",
        "@types/node-red__runtime": "*",
        "@types/node-red__util": "*"
      }
    },
    "@types/node-red__editor-api": {
      "version": "1.1.1",
      "resolved": "https://registry.npmjs.org/@types/node-red__editor-api/-/node-red__editor-api-1.1.1.tgz",
      "integrity": "sha512-O7MNsGwNWDY89sPxVjo2zXGfm8bw4owXrD4akp2NmM1cmrj6XvRKEu99Apw/RjZvteBFpxvLSVtOnYYPj4C7wg==",
      "dev": true,
      "requires": {
        "@types/express": "*",
        "@types/node-red__runtime": "*"
      }
    },
    "@types/node-red__editor-client": {
      "version": "1.1.6",
      "resolved": "https://registry.npmjs.org/@types/node-red__editor-client/-/node-red__editor-client-1.1.6.tgz",
      "integrity": "sha512-XBUumG27Cikfd8yQ94BMZfoOTIPrHM+lMOueIUxwsn7b2r6c1cLxO6eyOpCYLh3LhsTg5IkVB/uUpiopxXE1Uw==",
      "dev": true,
      "requires": {
        "@types/ace": "*",
        "@types/jquery": "*",
        "@types/node-red__runtime": "*",
        "@types/node-red__util": "*"
      }
    },
    "@types/node-red__registry": {
      "version": "1.2.1",
      "resolved": "https://registry.npmjs.org/@types/node-red__registry/-/node-red__registry-1.2.1.tgz",
      "integrity": "sha512-eSOUrKxuxLne1NyCGbPuaJxpstWs0Ds0n1xeSXVlfZAOc3zfwsg10FODsY3L08NHUrV5NlyN+gvwQ7RlHv4kOw==",
      "dev": true,
      "requires": {
        "@types/express": "*",
        "@types/node-red__runtime": "*",
        "@types/node-red__util": "*"
      }
    },
    "@types/node-red__runtime": {
      "version": "1.2.0",
      "resolved": "https://registry.npmjs.org/@types/node-red__runtime/-/node-red__runtime-1.2.0.tgz",
      "integrity": "sha512-1jSmhrzsBiW6OaNpyAdXitq0H3Zt2LYFNBhsLQE0LHSp77F26/bni1mFNGnIuo684CT+CX71kP6ZjuMJyeM/bA==",
      "dev": true,
      "requires": {
        "@types/cors": "*",
        "@types/express": "*",
        "@types/node-red__editor-api": "*",
        "@types/node-red__util": "*",
        "@types/passport": "*"
      }
    },
    "@types/node-red__util": {
      "version": "1.2.0",
      "resolved": "https://registry.npmjs.org/@types/node-red__util/-/node-red__util-1.2.0.tgz",
      "integrity": "sha512-jxxznqRl2UhmMimkv7+vvxcsi0fXS1EnTmiuQ2FwplTNvl2Ui+g4K2vbG/Jn/rsLujpM6oyPPjwzKPG1diPqUQ==",
      "dev": true,
      "requires": {
        "@types/node-red__registry": "*",
        "@types/node-red__runtime": "*",
        "jsonata": "1.8.3"
      }
    },
    "@types/node-red-node-test-helper": {
      "version": "0.2.2",
      "resolved": "https://registry.npmjs.org/@types/node-red-node-test-helper/-/node-red-node-test-helper-0.2.2.tgz",
      "integrity": "sha512-Gw4JxQ8NNhsFpdXQs57NR7v0jP8mNyvbpomjyERGpwsuaLevK4tJQcK9hsp0xvJdcyhyv3+Kh5j3ag7ArToLCA==",
      "dev": true,
      "requires": {
        "@types/node-red": "*",
        "@types/node-red__runtime": "*",
        "@types/sinon": "*",
        "@types/supertest": "*"
      }
    },
    "@types/passport": {
      "version": "1.0.11",
      "resolved": "https://registry.npmjs.org/@types/passport/-/passport-1.0.11.tgz",
      "integrity": "sha512-pz1cx9ptZvozyGKKKIPLcVDVHwae4hrH5d6g5J+DkMRRjR3cVETb4jMabhXAUbg3Ov7T22nFHEgaK2jj+5CBpw==",
      "dev": true,
      "requires": {
        "@types/express": "*"
      }
    },
    "@types/qs": {
      "version": "6.9.7",
      "resolved": "https://registry.npmjs.org/@types/qs/-/qs-6.9.7.tgz",
      "integrity": "sha512-FGa1F62FT09qcrueBA6qYTrJPVDzah9a+493+o2PCXsesWHIn27G98TsSMs3WPNbZIEj4+VJf6saSFpvD+3Zsw==",
      "dev": true
    },
    "@types/range-parser": {
      "version": "1.2.4",
      "resolved": "https://registry.npmjs.org/@types/range-parser/-/range-parser-1.2.4.tgz",
      "integrity": "sha512-EEhsLsD6UsDM1yFhAvy0Cjr6VwmpMWqFBCb9w07wVugF7w9nfajxLuVmngTIpgS6svCnm6Vaw+MZhoDCKnOfsw==",
      "dev": true
    },
    "@types/semaphore": {
      "version": "1.1.1",
      "resolved": "https://registry.npmjs.org/@types/semaphore/-/semaphore-1.1.1.tgz",
      "integrity": "sha512-jmFpMslMtBGOXY2s7x6O8vBebcj6zhkwl0Pd/viZApo1uZaPk733P8doPvaiBbCG+R7201OLOl4QP7l1mFyuyw==",
      "dev": true
    },
    "@types/serve-static": {
      "version": "1.15.0",
      "resolved": "https://registry.npmjs.org/@types/serve-static/-/serve-static-1.15.0.tgz",
      "integrity": "sha512-z5xyF6uh8CbjAu9760KDKsH2FcDxZ2tFCsA4HIMWE6IkiYMXfVoa+4f9KX+FN0ZLsaMw1WNG2ETLA6N+/YA+cg==",
      "dev": true,
      "requires": {
        "@types/mime": "*",
        "@types/node": "*"
      }
    },
    "@types/sinon": {
      "version": "10.0.13",
      "resolved": "https://registry.npmjs.org/@types/sinon/-/sinon-10.0.13.tgz",
      "integrity": "sha512-UVjDqJblVNQYvVNUsj0PuYYw0ELRmgt1Nt5Vk0pT5f16ROGfcKJY8o1HVuMOJOpD727RrGB9EGvoaTQE5tgxZQ==",
      "dev": true,
      "requires": {
        "@types/sinonjs__fake-timers": "*"
      }
    },
    "@types/sinonjs__fake-timers": {
      "version": "8.1.2",
      "resolved": "https://registry.npmjs.org/@types/sinonjs__fake-timers/-/sinonjs__fake-timers-8.1.2.tgz",
      "integrity": "sha512-9GcLXF0/v3t80caGs5p2rRfkB+a8VBGLJZVih6CNFkx8IZ994wiKKLSRs9nuFwk1HevWs/1mnUmkApGrSGsShA==",
      "dev": true
    },
    "@types/sizzle": {
      "version": "2.3.3",
      "resolved": "https://registry.npmjs.org/@types/sizzle/-/sizzle-2.3.3.tgz",
      "integrity": "sha512-JYM8x9EGF163bEyhdJBpR2QX1R5naCJHC8ucJylJ3w9/CVBaskdQ8WqBf8MmQrd1kRvp/a4TS8HJ+bxzR7ZJYQ==",
      "dev": true
    },
    "@types/superagent": {
      "version": "4.1.15",
      "resolved": "https://registry.npmjs.org/@types/superagent/-/superagent-4.1.15.tgz",
      "integrity": "sha512-mu/N4uvfDN2zVQQ5AYJI/g4qxn2bHB6521t1UuH09ShNWjebTqN0ZFuYK9uYjcgmI0dTQEs+Owi1EO6U0OkOZQ==",
      "dev": true,
      "requires": {
        "@types/cookiejar": "*",
        "@types/node": "*"
      }
    },
    "@types/supertest": {
      "version": "2.0.12",
      "resolved": "https://registry.npmjs.org/@types/supertest/-/supertest-2.0.12.tgz",
      "integrity": "sha512-X3HPWTwXRerBZS7Mo1k6vMVR1Z6zmJcDVn5O/31whe0tnjE4te6ZJSJGq1RiqHPjzPdMTfjCFogDJmwng9xHaQ==",
      "dev": true,
      "requires": {
        "@types/superagent": "*"
      }
    },
    "estree-walker": {
      "version": "1.0.1",
      "resolved": "https://registry.npmjs.org/estree-walker/-/estree-walker-1.0.1.tgz",
      "integrity": "sha512-1fMXF3YP4pZZVozF8j/ZLfvnR8NSIljt56UhbZ5PeeDmmGHpgpdwQt7ITlGvYaQukCvuBRMLEiKiYC+oeIg4cg==",
      "dev": true
    },
    "fsevents": {
      "version": "2.3.2",
      "resolved": "https://registry.npmjs.org/fsevents/-/fsevents-2.3.2.tgz",
      "integrity": "sha512-xiqMQR4xAeHTuB9uWm+fFRcIOgKBMiOBP+eXiyT7jsgVCq1bkVygt00oASowB7EdtpOHaaPgKt812P9ab+DDKA==",
      "dev": true,
      "optional": true,
      "peer": true
    },
    "function-bind": {
      "version": "1.1.1",
      "resolved": "https://registry.npmjs.org/function-bind/-/function-bind-1.1.1.tgz",
      "integrity": "sha512-yIovAzMX49sF8Yl58fSCWJ5svSLuaibPxXQJFLmBObTuCr0Mf1KiPopGM9NiFjiYBCbfaa2Fh6breQ6ANVTI0A==",
      "dev": true
    },
    "has": {
      "version": "1.0.3",
      "resolved": "https://registry.npmjs.org/has/-/has-1.0.3.tgz",
      "integrity": "sha512-f2dvO0VU6Oej7RkWJGrehjbzMAjFp5/VKPp5tTpWIV4JHHZK1/BxbFRtf/siA2SWTe09caDmVtYYzWEIbBS4zw==",
      "dev": true,
      "requires": {
        "function-bind": "^1.1.1"
      }
    },
    "is-core-module": {
      "version": "2.10.0",
      "resolved": "https://registry.npmjs.org/is-core-module/-/is-core-module-2.10.0.tgz",
      "integrity": "sha512-Erxj2n/LDAZ7H8WNJXd9tw38GYM3dv8rk8Zcs+jJuxYTW7sozH+SS8NtrSjVL1/vpLvWi1hxy96IzjJ3EHTJJg==",
      "dev": true,
      "requires": {
        "has": "^1.0.3"
      }
    },
    "jsonata": {
      "version": "1.8.3",
      "resolved": "https://registry.npmjs.org/jsonata/-/jsonata-1.8.3.tgz",
      "integrity": "sha512-r6ztI6ohbpRo77AxBm6vMs3aHZi2L2PaakW7TCPwSkeGcuAZ/SxXGLWH2Npwqq5+YBM/fg/g0EXg/pI9HvXQ8Q==",
      "dev": true
    },
    "path-parse": {
      "version": "1.0.7",
      "resolved": "https://registry.npmjs.org/path-parse/-/path-parse-1.0.7.tgz",
      "integrity": "sha512-LDJzPVEEEPR+y48z93A0Ed0yXb8pAByGWo/k5YYdYgpY2/2EsOsksJrq7lOHxryrVOn1ejG6oAp8ahvOIQD8sw==",
      "dev": true
    },
    "picomatch": {
      "version": "2.3.1",
      "resolved": "https://registry.npmjs.org/picomatch/-/picomatch-2.3.1.tgz",
      "integrity": "sha512-JU3teHTNjmE2VCGFzuY8EXzCDVwEqB2a8fsIvwaStHhAWJEeVd1o1QD80CU6+ZdEXXSLbSsuLwJjkCBWqRQUVA==",
      "dev": true
    },
    "resolve": {
      "version": "1.22.1",
      "resolved": "https://registry.npmjs.org/resolve/-/resolve-1.22.1.tgz",
      "integrity": "sha512-nBpuuYuY5jFsli/JIs1oldw6fOQCBioohqWZg/2hiaOybXOft4lonv85uDOKXdf8rhyK159cxU5cDcK/NKk8zw==",
      "dev": true,
      "requires": {
        "is-core-module": "^2.9.0",
        "path-parse": "^1.0.7",
        "supports-preserve-symlinks-flag": "^1.0.0"
      }
    },
    "rollup": {
      "version": "2.79.1",
      "resolved": "https://registry.npmjs.org/rollup/-/rollup-2.79.1.tgz",
      "integrity": "sha512-uKxbd0IhMZOhjAiD5oAFp7BqvkA4Dv47qpOCtaNvng4HBwdbWtdOh8f5nZNuk2rp51PMGk3bzfWu5oayNEuYnw==",
      "dev": true,
      "peer": true,
      "requires": {
        "fsevents": "~2.3.2"
      }
    },
    "semaphore": {
      "version": "1.1.0",
      "resolved": "https://registry.npmjs.org/semaphore/-/semaphore-1.1.0.tgz",
      "integrity": "sha512-O4OZEaNtkMd/K0i6js9SL+gqy0ZCBMgUvlSqHKi4IBdjhe7wB8pwztUk1BbZ1fmrvpwFrPbHzqd2w5pTcJH6LA=="
    },
    "supports-preserve-symlinks-flag": {
      "version": "1.0.0",
      "resolved": "https://registry.npmjs.org/supports-preserve-symlinks-flag/-/supports-preserve-symlinks-flag-1.0.0.tgz",
      "integrity": "sha512-ot0WnXS9fgdkgIcePe6RHNk1WA8+muPa6cSjeR3V8K27q9BB1rTE3R1p7Hv0z1ZyAc8s6Vvv8DIyWf681MAt0w==",
      "dev": true
    },
    "typescript": {
      "version": "4.8.4",
      "resolved": "https://registry.npmjs.org/typescript/-/typescript-4.8.4.tgz",
      "integrity": "sha512-QCh+85mCy+h0IGff8r5XWzOVSbBO+KfeYrMQh7NJ58QujwcE22u+NUSmUxqF+un70P9GXKxa2HCNiTTMJknyjQ==",
      "dev": true,
      "peer": true
    }
  }
}
